
Microsoft Visual Studio Solution File, Format Version 12.00
# Visual Studio 15
VisualStudioVersion = 15.0.28307.168
MinimumVisualStudioVersion = 10.0.40219.1
Project("{FAE04EC0-301F-11D3-BF4B-00C04F79EFBC}") = "c0727466-", "c0727466-\c0727466-.csproj", "{DD8F9A35-1C9C-4B44-8E21-21B1EB4DCE42}"
EndProject
Global
	GlobalSection(SolutionConfigurationPlatforms) = preSolution
		Debug|Any CPU = Debug|Any CPU
		Release|Any CPU = Release|Any CPU
	EndGlobalSection
	GlobalSection(ProjectConfigurationPlatforms) = postSolution
		{DD8F9A35-1C9C-4B44-8E21-21B1EB4DCE42}.Debug|Any CPU.ActiveCfg = Debug|Any CPU
		{DD8F9A35-1C9C-4B44-8E21-21B1EB4DCE42}.Debug|Any CPU.Build.0 = Debug|Any CPU
		{DD8F9A35-1C9C-4B44-8E21-21B1EB4DCE42}.Release|Any CPU.ActiveCfg = Release|Any CPU
		{DD8F9A35-1C9C-4B44-8E21-21B1EB4DCE42}.Release|Any CPU.Build.0 = Release|Any CPU
	EndGlobalSection
	GlobalSection(SolutionProperties) = preSolution
		HideSolutionNode = FALSE
	EndGlobalSection
	GlobalSection(ExtensibilityGlobals) = postSolution
		SolutionGuid = {D5B44A0D-75FD-411B-8A61-4BC911A02A9D}
	EndGlobalSection
EndGlobal
